
Microsoft Visual Studio Solution File, Format Version 12.00
# Visual Studio Version 16
VisualStudioVersion = 16.0.30011.22
MinimumVisualStudioVersion = 10.0.40219.1
Project("{2150E333-8FDC-42A3-9474-1A3956D46DE8}") = "src", "src", "{B1436DFC-0753-413E-B4F9-D9C2382E931C}"
EndProject
Project("{2150E333-8FDC-42A3-9474-1A3956D46DE8}") = "Catalog", "Catalog", "{607B2933-0A0C-4324-AEC7-2909A7DCEE60}"
EndProject
Project("{9A19103F-16F7-4668-BE54-9A1E7A4F7556}") = "Catalog.API", "src\Catalog\Catalog.API\Catalog.API.csproj", "{F1EC6110-7EEB-4D8C-9B92-1668E8B16A30}"
EndProject
Project("{2150E333-8FDC-42A3-9474-1A3956D46DE8}") = "Basket", "Basket", "{AE84F8A4-95E1-413D-8711-2423DD8676EF}"
EndProject
Project("{9A19103F-16F7-4668-BE54-9A1E7A4F7556}") = "Basket.API", "src\Basket\Basket.API\Basket.API.csproj", "{91A01544-D8AD-498A-993D-07E6F8FB214D}"
EndProject
Project("{2150E333-8FDC-42A3-9474-1A3956D46DE8}") = "Common", "Common", "{F2A06B95-2BE7-4944-BE74-9EB4A35AAE40}"
EndProject
Project("{9A19103F-16F7-4668-BE54-9A1E7A4F7556}") = "EventBusRabbitMQ", "src\Common\EventBusRabbitMQ\EventBusRabbitMQ.csproj", "{1ADA4C63-2C1E-4E7B-940B-B9F3375F04D9}"
EndProject
Project("{2150E333-8FDC-42A3-9474-1A3956D46DE8}") = "Ordering", "Ordering", "{17A4BE4C-3BBC-4E0E-9BD1-F5AB97CBA4BF}"
EndProject
Project("{9A19103F-16F7-4668-BE54-9A1E7A4F7556}") = "Ordering.API", "src\Ordering\Ordering.API\Ordering.API.csproj", "{1576A29C-405B-4C02-AAF3-2C65B571093E}"
EndProject
Project("{9A19103F-16F7-4668-BE54-9A1E7A4F7556}") = "Ordering.Application", "src\Ordering\Ordering.Application\Ordering.Application.csproj", "{D7110286-ED32-4FE7-89DC-837F7493F468}"
EndProject
Project("{9A19103F-16F7-4668-BE54-9A1E7A4F7556}") = "Ordering.Core", "src\Ordering\Ordering.Core\Ordering.Core.csproj", "{4A8508E6-E665-4343-8F27-2C536666D0FB}"
EndProject
Project("{9A19103F-16F7-4668-BE54-9A1E7A4F7556}") = "Ordering.Infrastructure", "src\Ordering\Ordering.Infrastructure\Ordering.Infrastructure.csproj", "{8E3E3BA0-68DB-4B70-B02E-8F399C290057}"
EndProject
Project("{2150E333-8FDC-42A3-9474-1A3956D46DE8}") = "ApiGateway", "ApiGateway", "{95F87C84-0D23-4DA3-9C09-416B78AED6FA}"
EndProject
Project("{9A19103F-16F7-4668-BE54-9A1E7A4F7556}") = "OcelotAPIGateway", "src\ApiGateway\OcelotAPIGateway\OcelotAPIGateway.csproj", "{BA1D124A-ACF9-48AB-8260-357B40B83411}"
EndProject
Project("{E53339B2-1760-4266-BCC7-CA923CBCF16C}") = "docker-compose", "docker-compose.dcproj", "{D189572E-F63D-4B58-85CE-9EE3470DCE03}"
EndProject
Project("{2150E333-8FDC-42A3-9474-1A3956D46DE8}") = "Discount", "Discount", "{12EC374A-113E-42AA-A395-E6AC8F636DCB}"
EndProject
Project("{FAE04EC0-301F-11D3-BF4B-00C04F79EFBC}") = "Discount.API", "src\Discount\Discount.API\Discount.API.csproj", "{0D0EBFCD-160E-490C-B833-5E00AE82F350}"
EndProject
Global
	GlobalSection(SolutionConfigurationPlatforms) = preSolution
		Debug|Any CPU = Debug|Any CPU
		Release|Any CPU = Release|Any CPU
	EndGlobalSection
	GlobalSection(ProjectConfigurationPlatforms) = postSolution
		{F1EC6110-7EEB-4D8C-9B92-1668E8B16A30}.Debug|Any CPU.ActiveCfg = Debug|Any CPU
		{F1EC6110-7EEB-4D8C-9B92-1668E8B16A30}.Debug|Any CPU.Build.0 = Debug|Any CPU
		{F1EC6110-7EEB-4D8C-9B92-1668E8B16A30}.Release|Any CPU.ActiveCfg = Release|Any CPU
		{F1EC6110-7EEB-4D8C-9B92-1668E8B16A30}.Release|Any CPU.Build.0 = Release|Any CPU
		{91A01544-D8AD-498A-993D-07E6F8FB214D}.Debug|Any CPU.ActiveCfg = Debug|Any CPU
		{91A01544-D8AD-498A-993D-07E6F8FB214D}.Debug|Any CPU.Build.0 = Debug|Any CPU
		{91A01544-D8AD-498A-993D-07E6F8FB214D}.Release|Any CPU.ActiveCfg = Release|Any CPU
		{91A01544-D8AD-498A-993D-07E6F8FB214D}.Release|Any CPU.Build.0 = Release|Any CPU
		{1ADA4C63-2C1E-4E7B-940B-B9F3375F04D9}.Debug|Any CPU.ActiveCfg = Debug|Any CPU
		{1ADA4C63-2C1E-4E7B-940B-B9F3375F04D9}.Debug|Any CPU.Build.0 = Debug|Any CPU
		{1ADA4C63-2C1E-4E7B-940B-B9F3375F04D9}.Release|Any CPU.ActiveCfg = Release|Any CPU
		{1ADA4C63-2C1E-4E7B-940B-B9F3375F04D9}.Release|Any CPU.Build.0 = Release|Any CPU
		{1576A29C-405B-4C02-AAF3-2C65B571093E}.Debug|Any CPU.ActiveCfg = Debug|Any CPU
		{1576A29C-405B-4C02-AAF3-2C65B571093E}.Debug|Any CPU.Build.0 = Debug|Any CPU
		{1576A29C-405B-4C02-AAF3-2C65B571093E}.Release|Any CPU.ActiveCfg = Release|Any CPU
		{1576A29C-405B-4C02-AAF3-2C65B571093E}.Release|Any CPU.Build.0 = Release|Any CPU
		{D7110286-ED32-4FE7-89DC-837F7493F468}.Debug|Any CPU.ActiveCfg = Debug|Any CPU
		{D7110286-ED32-4FE7-89DC-837F7493F468}.Debug|Any CPU.Build.0 = Debug|Any CPU
		{D7110286-ED32-4FE7-89DC-837F7493F468}.Release|Any CPU.ActiveCfg = Release|Any CPU
		{D7110286-ED32-4FE7-89DC-837F7493F468}.Release|Any CPU.Build.0 = Release|Any CPU
		{4A8508E6-E665-4343-8F27-2C536666D0FB}.Debug|Any CPU.ActiveCfg = Debug|Any CPU
		{4A8508E6-E665-4343-8F27-2C536666D0FB}.Debug|Any CPU.Build.0 = Debug|Any CPU
		{4A8508E6-E665-4343-8F27-2C536666D0FB}.Release|Any CPU.ActiveCfg = Release|Any CPU
		{4A8508E6-E665-4343-8F27-2C536666D0FB}.Release|Any CPU.Build.0 = Release|Any CPU
		{8E3E3BA0-68DB-4B70-B02E-8F399C290057}.Debug|Any CPU.ActiveCfg = Debug|Any CPU
		{8E3E3BA0-68DB-4B70-B02E-8F399C290057}.Debug|Any CPU.Build.0 = Debug|Any CPU
		{8E3E3BA0-68DB-4B70-B02E-8F399C290057}.Release|Any CPU.ActiveCfg = Release|Any CPU
		{8E3E3BA0-68DB-4B70-B02E-8F399C290057}.Release|Any CPU.Build.0 = Release|Any CPU
		{BA1D124A-ACF9-48AB-8260-357B40B83411}.Debug|Any CPU.ActiveCfg = Debug|Any CPU
		{BA1D124A-ACF9-48AB-8260-357B40B83411}.Debug|Any CPU.Build.0 = Debug|Any CPU
		{BA1D124A-ACF9-48AB-8260-357B40B83411}.Release|Any CPU.ActiveCfg = Release|Any CPU
		{BA1D124A-ACF9-48AB-8260-357B40B83411}.Release|Any CPU.Build.0 = Release|Any CPU
		{D189572E-F63D-4B58-85CE-9EE3470DCE03}.Debug|Any CPU.ActiveCfg = Debug|Any CPU
		{D189572E-F63D-4B58-85CE-9EE3470DCE03}.Debug|Any CPU.Build.0 = Debug|Any CPU
		{D189572E-F63D-4B58-85CE-9EE3470DCE03}.Release|Any CPU.ActiveCfg = Release|Any CPU
		{D189572E-F63D-4B58-85CE-9EE3470DCE03}.Release|Any CPU.Build.0 = Release|Any CPU
		{0D0EBFCD-160E-490C-B833-5E00AE82F350}.Debug|Any CPU.ActiveCfg = Debug|Any CPU
		{0D0EBFCD-160E-490C-B833-5E00AE82F350}.Debug|Any CPU.Build.0 = Debug|Any CPU
		{0D0EBFCD-160E-490C-B833-5E00AE82F350}.Release|Any CPU.ActiveCfg = Release|Any CPU
		{0D0EBFCD-160E-490C-B833-5E00AE82F350}.Release|Any CPU.Build.0 = Release|Any CPU
	EndGlobalSection
	GlobalSection(SolutionProperties) = preSolution
		HideSolutionNode = FALSE
	EndGlobalSection
	GlobalSection(NestedProjects) = preSolution
		{607B2933-0A0C-4324-AEC7-2909A7DCEE60} = {B1436DFC-0753-413E-B4F9-D9C2382E931C}
		{F1EC6110-7EEB-4D8C-9B92-1668E8B16A30} = {607B2933-0A0C-4324-AEC7-2909A7DCEE60}
		{AE84F8A4-95E1-413D-8711-2423DD8676EF} = {B1436DFC-0753-413E-B4F9-D9C2382E931C}
		{91A01544-D8AD-498A-993D-07E6F8FB214D} = {AE84F8A4-95E1-413D-8711-2423DD8676EF}
		{F2A06B95-2BE7-4944-BE74-9EB4A35AAE40} = {B1436DFC-0753-413E-B4F9-D9C2382E931C}
		{1ADA4C63-2C1E-4E7B-940B-B9F3375F04D9} = {F2A06B95-2BE7-4944-BE74-9EB4A35AAE40}
		{17A4BE4C-3BBC-4E0E-9BD1-F5AB97CBA4BF} = {B1436DFC-0753-413E-B4F9-D9C2382E931C}
		{1576A29C-405B-4C02-AAF3-2C65B571093E} = {17A4BE4C-3BBC-4E0E-9BD1-F5AB97CBA4BF}
		{D7110286-ED32-4FE7-89DC-837F7493F468} = {17A4BE4C-3BBC-4E0E-9BD1-F5AB97CBA4BF}
		{4A8508E6-E665-4343-8F27-2C536666D0FB} = {17A4BE4C-3BBC-4E0E-9BD1-F5AB97CBA4BF}
		{8E3E3BA0-68DB-4B70-B02E-8F399C290057} = {17A4BE4C-3BBC-4E0E-9BD1-F5AB97CBA4BF}
		{95F87C84-0D23-4DA3-9C09-416B78AED6FA} = {B1436DFC-0753-413E-B4F9-D9C2382E931C}
		{BA1D124A-ACF9-48AB-8260-357B40B83411} = {95F87C84-0D23-4DA3-9C09-416B78AED6FA}
		{12EC374A-113E-42AA-A395-E6AC8F636DCB} = {B1436DFC-0753-413E-B4F9-D9C2382E931C}
		{0D0EBFCD-160E-490C-B833-5E00AE82F350} = {12EC374A-113E-42AA-A395-E6AC8F636DCB}
	EndGlobalSection
	GlobalSection(ExtensibilityGlobals) = postSolution
		SolutionGuid = {71EB5E09-AFF5-45AD-9592-D34128533B61}
	EndGlobalSection
EndGlobal
