
Microsoft Visual Studio Solution File, Format Version 12.00
# Visual Studio Version 16
VisualStudioVersion = 16.0.30011.22
MinimumVisualStudioVersion = 10.0.40219.1
Project("{2150E333-8FDC-42A3-9474-1A3956D46DE8}") = "src", "src", "{B1436DFC-0753-413E-B4F9-D9C2382E931C}"
EndProject
Project("{2150E333-8FDC-42A3-9474-1A3956D46DE8}") = "Catalog", "Catalog", "{607B2933-0A0C-4324-AEC7-2909A7DCEE60}"
EndProject
Project("{9A19103F-16F7-4668-BE54-9A1E7A4F7556}") = "Catalog.API", "src\Catalog\Catalog.API\Catalog.API.csproj", "{F1EC6110-7EEB-4D8C-9B92-1668E8B16A30}"
EndProject
Project("{E53339B2-1760-4266-BCC7-CA923CBCF16C}") = "docker-compose", "docker-compose.dcproj", "{694352F3-0A6A-42CB-BFB3-021249BB61F7}"
EndProject
Project("{2150E333-8FDC-42A3-9474-1A3956D46DE8}") = "Basket", "Basket", "{AE84F8A4-95E1-413D-8711-2423DD8676EF}"
EndProject
Project("{9A19103F-16F7-4668-BE54-9A1E7A4F7556}") = "Basket.API", "src\Basket\Basket.API\Basket.API.csproj", "{91A01544-D8AD-498A-993D-07E6F8FB214D}"
EndProject
Project("{2150E333-8FDC-42A3-9474-1A3956D46DE8}") = "Common", "Common", "{F2A06B95-2BE7-4944-BE74-9EB4A35AAE40}"
EndProject
Project("{FAE04EC0-301F-11D3-BF4B-00C04F79EFBC}") = "EventBusRabbitMQ", "src\Common\EventBusRabbitMQ\EventBusRabbitMQ.csproj", "{1ADA4C63-2C1E-4E7B-940B-B9F3375F04D9}"
EndProject
Global
	GlobalSection(SolutionConfigurationPlatforms) = preSolution
		Debug|Any CPU = Debug|Any CPU
		Release|Any CPU = Release|Any CPU
	EndGlobalSection
	GlobalSection(ProjectConfigurationPlatforms) = postSolution
		{F1EC6110-7EEB-4D8C-9B92-1668E8B16A30}.Debug|Any CPU.ActiveCfg = Debug|Any CPU
		{F1EC6110-7EEB-4D8C-9B92-1668E8B16A30}.Debug|Any CPU.Build.0 = Debug|Any CPU
		{F1EC6110-7EEB-4D8C-9B92-1668E8B16A30}.Release|Any CPU.ActiveCfg = Release|Any CPU
		{F1EC6110-7EEB-4D8C-9B92-1668E8B16A30}.Release|Any CPU.Build.0 = Release|Any CPU
		{694352F3-0A6A-42CB-BFB3-021249BB61F7}.Debug|Any CPU.ActiveCfg = Debug|Any CPU
		{694352F3-0A6A-42CB-BFB3-021249BB61F7}.Debug|Any CPU.Build.0 = Debug|Any CPU
		{694352F3-0A6A-42CB-BFB3-021249BB61F7}.Release|Any CPU.ActiveCfg = Release|Any CPU
		{694352F3-0A6A-42CB-BFB3-021249BB61F7}.Release|Any CPU.Build.0 = Release|Any CPU
		{91A01544-D8AD-498A-993D-07E6F8FB214D}.Debug|Any CPU.ActiveCfg = Debug|Any CPU
		{91A01544-D8AD-498A-993D-07E6F8FB214D}.Debug|Any CPU.Build.0 = Debug|Any CPU
		{91A01544-D8AD-498A-993D-07E6F8FB214D}.Release|Any CPU.ActiveCfg = Release|Any CPU
		{91A01544-D8AD-498A-993D-07E6F8FB214D}.Release|Any CPU.Build.0 = Release|Any CPU
		{1ADA4C63-2C1E-4E7B-940B-B9F3375F04D9}.Debug|Any CPU.ActiveCfg = Debug|Any CPU
		{1ADA4C63-2C1E-4E7B-940B-B9F3375F04D9}.Debug|Any CPU.Build.0 = Debug|Any CPU
		{1ADA4C63-2C1E-4E7B-940B-B9F3375F04D9}.Release|Any CPU.ActiveCfg = Release|Any CPU
		{1ADA4C63-2C1E-4E7B-940B-B9F3375F04D9}.Release|Any CPU.Build.0 = Release|Any CPU
	EndGlobalSection
	GlobalSection(SolutionProperties) = preSolution
		HideSolutionNode = FALSE
	EndGlobalSection
	GlobalSection(NestedProjects) = preSolution
		{607B2933-0A0C-4324-AEC7-2909A7DCEE60} = {B1436DFC-0753-413E-B4F9-D9C2382E931C}
		{F1EC6110-7EEB-4D8C-9B92-1668E8B16A30} = {607B2933-0A0C-4324-AEC7-2909A7DCEE60}
		{AE84F8A4-95E1-413D-8711-2423DD8676EF} = {B1436DFC-0753-413E-B4F9-D9C2382E931C}
		{91A01544-D8AD-498A-993D-07E6F8FB214D} = {AE84F8A4-95E1-413D-8711-2423DD8676EF}
		{F2A06B95-2BE7-4944-BE74-9EB4A35AAE40} = {B1436DFC-0753-413E-B4F9-D9C2382E931C}
		{1ADA4C63-2C1E-4E7B-940B-B9F3375F04D9} = {F2A06B95-2BE7-4944-BE74-9EB4A35AAE40}
	EndGlobalSection
	GlobalSection(ExtensibilityGlobals) = postSolution
		SolutionGuid = {71EB5E09-AFF5-45AD-9592-D34128533B61}
	EndGlobalSection
EndGlobal
